// !$*UTF8*$!
{
	archiveVersion = 1;
	classes = {
	};
	objectVersion = 46;
	objects = {

/* Begin PBXBuildFile section */
		091DAEB21D88AE200036279F /* iconmonstr-video-9-24.png in Resources */ = {isa = PBXBuildFile; fileRef = 091DAEB01D88AE200036279F /* iconmonstr-video-9-24.png */; };
		091DAEB31D88AE200036279F /* iconmonstr-star-2-24.png in Resources */ = {isa = PBXBuildFile; fileRef = 091DAEB11D88AE200036279F /* iconmonstr-star-2-24.png */; };
		091DAEBE1D88B6F90036279F /* iconmonstr-time-6-16.png in Resources */ = {isa = PBXBuildFile; fileRef = 091DAEBC1D88B6F90036279F /* iconmonstr-time-6-16.png */; };
		091DAEBF1D88B6F90036279F /* iconmonstr-crown-5-16.png in Resources */ = {isa = PBXBuildFile; fileRef = 091DAEBD1D88B6F90036279F /* iconmonstr-crown-5-16.png */; };
		091DAEC21D88BF010036279F /* iconmonstr-view-6-16.png in Resources */ = {isa = PBXBuildFile; fileRef = 091DAEC01D88BF010036279F /* iconmonstr-view-6-16.png */; };
		091DAEC31D88BF010036279F /* iconmonstr-menu-2-16.png in Resources */ = {isa = PBXBuildFile; fileRef = 091DAEC11D88BF010036279F /* iconmonstr-menu-2-16.png */; };
		091DAEC61D88C70C0036279F /* MovieCollectionViewCell.m in Sources */ = {isa = PBXBuildFile; fileRef = 091DAEC51D88C70B0036279F /* MovieCollectionViewCell.m */; };
		091DAEC81D894E350036279F /* iconmonstr-arrow-25-24.png in Resources */ = {isa = PBXBuildFile; fileRef = 091DAEC71D894E350036279F /* iconmonstr-arrow-25-24.png */; };
		09574E151D8748F2007FE7AB /* main.m in Sources */ = {isa = PBXBuildFile; fileRef = 09574E141D8748F2007FE7AB /* main.m */; };
		09574E181D8748F2007FE7AB /* AppDelegate.m in Sources */ = {isa = PBXBuildFile; fileRef = 09574E171D8748F2007FE7AB /* AppDelegate.m */; };
		09574E1B1D8748F2007FE7AB /* ViewController.m in Sources */ = {isa = PBXBuildFile; fileRef = 09574E1A1D8748F2007FE7AB /* ViewController.m */; };
		09574E1E1D8748F2007FE7AB /* Main.storyboard in Resources */ = {isa = PBXBuildFile; fileRef = 09574E1C1D8748F2007FE7AB /* Main.storyboard */; };
		09574E201D8748F2007FE7AB /* Assets.xcassets in Resources */ = {isa = PBXBuildFile; fileRef = 09574E1F1D8748F2007FE7AB /* Assets.xcassets */; };
		09574E231D8748F2007FE7AB /* LaunchScreen.storyboard in Resources */ = {isa = PBXBuildFile; fileRef = 09574E211D8748F2007FE7AB /* LaunchScreen.storyboard */; };
		09574E2E1D8748F2007FE7AB /* flicksAppTests.m in Sources */ = {isa = PBXBuildFile; fileRef = 09574E2D1D8748F2007FE7AB /* flicksAppTests.m */; };
		09574E391D8748F2007FE7AB /* flicksAppUITests.m in Sources */ = {isa = PBXBuildFile; fileRef = 09574E381D8748F2007FE7AB /* flicksAppUITests.m */; };
		09574E491D875698007FE7AB /* MovieCell.m in Sources */ = {isa = PBXBuildFile; fileRef = 09574E481D875698007FE7AB /* MovieCell.m */; };
		09574E4D1D8761EB007FE7AB /* MovieDetailViewController.m in Sources */ = {isa = PBXBuildFile; fileRef = 09574E4C1D8761EB007FE7AB /* MovieDetailViewController.m */; };
		09574E501D8776D6007FE7AB /* TrailerViewController.m in Sources */ = {isa = PBXBuildFile; fileRef = 09574E4F1D8776D6007FE7AB /* TrailerViewController.m */; };
		74D44924621267611D771070 /* libPods-flicksAppTests.a in Frameworks */ = {isa = PBXBuildFile; fileRef = 6B73D30D9A4F24642914987C /* libPods-flicksAppTests.a */; };
		8E8D71DF26156DCE41F4B104 /* libPods-flicksApp.a in Frameworks */ = {isa = PBXBuildFile; fileRef = 19C6AB494C3A9D20965B6614 /* libPods-flicksApp.a */; };
		E3EE6D9E0299196200335A02 /* libPods-flicksAppUITests.a in Frameworks */ = {isa = PBXBuildFile; fileRef = A447082F4E669AAB5423B388 /* libPods-flicksAppUITests.a */; };
/* End PBXBuildFile section */

/* Begin PBXContainerItemProxy section */
		09574E2A1D8748F2007FE7AB /* PBXContainerItemProxy */ = {
			isa = PBXContainerItemProxy;
			containerPortal = 09574E081D8748F2007FE7AB /* Project object */;
			proxyType = 1;
			remoteGlobalIDString = 09574E0F1D8748F2007FE7AB;
			remoteInfo = flicksApp;
		};
		09574E351D8748F2007FE7AB /* PBXContainerItemProxy */ = {
			isa = PBXContainerItemProxy;
			containerPortal = 09574E081D8748F2007FE7AB /* Project object */;
			proxyType = 1;
			remoteGlobalIDString = 09574E0F1D8748F2007FE7AB;
			remoteInfo = flicksApp;
		};
/* End PBXContainerItemProxy section */

/* Begin PBXFileReference section */
		06BB890FC91130C8C1EE2A7D /* Pods-flicksAppUITests.debug.xcconfig */ = {isa = PBXFileReference; includeInIndex = 1; lastKnownFileType = text.xcconfig; name = "Pods-flicksAppUITests.debug.xcconfig"; path = "Pods/Target Support Files/Pods-flicksAppUITests/Pods-flicksAppUITests.debug.xcconfig"; sourceTree = "<group>"; };
		091DAEB01D88AE200036279F /* iconmonstr-video-9-24.png */ = {isa = PBXFileReference; lastKnownFileType = image.png; path = "iconmonstr-video-9-24.png"; sourceTree = "<group>"; };
		091DAEB11D88AE200036279F /* iconmonstr-star-2-24.png */ = {isa = PBXFileReference; lastKnownFileType = image.png; path = "iconmonstr-star-2-24.png"; sourceTree = "<group>"; };
		091DAEBC1D88B6F90036279F /* iconmonstr-time-6-16.png */ = {isa = PBXFileReference; lastKnownFileType = image.png; path = "iconmonstr-time-6-16.png"; sourceTree = "<group>"; };
		091DAEBD1D88B6F90036279F /* iconmonstr-crown-5-16.png */ = {isa = PBXFileReference; lastKnownFileType = image.png; path = "iconmonstr-crown-5-16.png"; sourceTree = "<group>"; };
		091DAEC01D88BF010036279F /* iconmonstr-view-6-16.png */ = {isa = PBXFileReference; lastKnownFileType = image.png; path = "iconmonstr-view-6-16.png"; sourceTree = "<group>"; };
		091DAEC11D88BF010036279F /* iconmonstr-menu-2-16.png */ = {isa = PBXFileReference; lastKnownFileType = image.png; path = "iconmonstr-menu-2-16.png"; sourceTree = "<group>"; };
		091DAEC41D88C70B0036279F /* MovieCollectionViewCell.h */ = {isa = PBXFileReference; fileEncoding = 4; lastKnownFileType = sourcecode.c.h; path = MovieCollectionViewCell.h; sourceTree = "<group>"; };
		091DAEC51D88C70B0036279F /* MovieCollectionViewCell.m */ = {isa = PBXFileReference; fileEncoding = 4; lastKnownFileType = sourcecode.c.objc; path = MovieCollectionViewCell.m; sourceTree = "<group>"; };
		091DAEC71D894E350036279F /* iconmonstr-arrow-25-24.png */ = {isa = PBXFileReference; lastKnownFileType = image.png; path = "iconmonstr-arrow-25-24.png"; sourceTree = "<group>"; };
		09574E101D8748F2007FE7AB /* flicksApp.app */ = {isa = PBXFileReference; explicitFileType = wrapper.application; includeInIndex = 0; path = flicksApp.app; sourceTree = BUILT_PRODUCTS_DIR; };
		09574E141D8748F2007FE7AB /* main.m */ = {isa = PBXFileReference; lastKnownFileType = sourcecode.c.objc; path = main.m; sourceTree = "<group>"; };
		09574E161D8748F2007FE7AB /* AppDelegate.h */ = {isa = PBXFileReference; lastKnownFileType = sourcecode.c.h; path = AppDelegate.h; sourceTree = "<group>"; };
		09574E171D8748F2007FE7AB /* AppDelegate.m */ = {isa = PBXFileReference; lastKnownFileType = sourcecode.c.objc; path = AppDelegate.m; sourceTree = "<group>"; };
		09574E191D8748F2007FE7AB /* ViewController.h */ = {isa = PBXFileReference; lastKnownFileType = sourcecode.c.h; path = ViewController.h; sourceTree = "<group>"; };
		09574E1A1D8748F2007FE7AB /* ViewController.m */ = {isa = PBXFileReference; lastKnownFileType = sourcecode.c.objc; path = ViewController.m; sourceTree = "<group>"; };
		09574E1D1D8748F2007FE7AB /* Base */ = {isa = PBXFileReference; lastKnownFileType = file.storyboard; name = Base; path = Base.lproj/Main.storyboard; sourceTree = "<group>"; };
		09574E1F1D8748F2007FE7AB /* Assets.xcassets */ = {isa = PBXFileReference; lastKnownFileType = folder.assetcatalog; path = Assets.xcassets; sourceTree = "<group>"; };
		09574E221D8748F2007FE7AB /* Base */ = {isa = PBXFileReference; lastKnownFileType = file.storyboard; name = Base; path = Base.lproj/LaunchScreen.storyboard; sourceTree = "<group>"; };
		09574E241D8748F2007FE7AB /* Info.plist */ = {isa = PBXFileReference; lastKnownFileType = text.plist.xml; path = Info.plist; sourceTree = "<group>"; };
		09574E291D8748F2007FE7AB /* flicksAppTests.xctest */ = {isa = PBXFileReference; explicitFileType = wrapper.cfbundle; includeInIndex = 0; path = flicksAppTests.xctest; sourceTree = BUILT_PRODUCTS_DIR; };
		09574E2D1D8748F2007FE7AB /* flicksAppTests.m */ = {isa = PBXFileReference; lastKnownFileType = sourcecode.c.objc; path = flicksAppTests.m; sourceTree = "<group>"; };
		09574E2F1D8748F2007FE7AB /* Info.plist */ = {isa = PBXFileReference; lastKnownFileType = text.plist.xml; path = Info.plist; sourceTree = "<group>"; };
		09574E341D8748F2007FE7AB /* flicksAppUITests.xctest */ = {isa = PBXFileReference; explicitFileType = wrapper.cfbundle; includeInIndex = 0; path = flicksAppUITests.xctest; sourceTree = BUILT_PRODUCTS_DIR; };
		09574E381D8748F2007FE7AB /* flicksAppUITests.m */ = {isa = PBXFileReference; lastKnownFileType = sourcecode.c.objc; path = flicksAppUITests.m; sourceTree = "<group>"; };
		09574E3A1D8748F2007FE7AB /* Info.plist */ = {isa = PBXFileReference; lastKnownFileType = text.plist.xml; path = Info.plist; sourceTree = "<group>"; };
		09574E471D875698007FE7AB /* MovieCell.h */ = {isa = PBXFileReference; fileEncoding = 4; lastKnownFileType = sourcecode.c.h; path = MovieCell.h; sourceTree = "<group>"; };
		09574E481D875698007FE7AB /* MovieCell.m */ = {isa = PBXFileReference; fileEncoding = 4; lastKnownFileType = sourcecode.c.objc; path = MovieCell.m; sourceTree = "<group>"; };
		09574E4B1D8761EB007FE7AB /* MovieDetailViewController.h */ = {isa = PBXFileReference; fileEncoding = 4; lastKnownFileType = sourcecode.c.h; name = MovieDetailViewController.h; path = ../MovieDetailViewController.h; sourceTree = "<group>"; };
		09574E4C1D8761EB007FE7AB /* MovieDetailViewController.m */ = {isa = PBXFileReference; fileEncoding = 4; lastKnownFileType = sourcecode.c.objc; name = MovieDetailViewController.m; path = ../MovieDetailViewController.m; sourceTree = "<group>"; };
		09574E4E1D8776D6007FE7AB /* TrailerViewController.h */ = {isa = PBXFileReference; fileEncoding = 4; lastKnownFileType = sourcecode.c.h; path = TrailerViewController.h; sourceTree = "<group>"; };
		09574E4F1D8776D6007FE7AB /* TrailerViewController.m */ = {isa = PBXFileReference; fileEncoding = 4; lastKnownFileType = sourcecode.c.objc; path = TrailerViewController.m; sourceTree = "<group>"; };
		19C6AB494C3A9D20965B6614 /* libPods-flicksApp.a */ = {isa = PBXFileReference; explicitFileType = archive.ar; includeInIndex = 0; path = "libPods-flicksApp.a"; sourceTree = BUILT_PRODUCTS_DIR; };
		412162158046CFBE9839A057 /* Pods-flicksAppUITests.release.xcconfig */ = {isa = PBXFileReference; includeInIndex = 1; lastKnownFileType = text.xcconfig; name = "Pods-flicksAppUITests.release.xcconfig"; path = "Pods/Target Support Files/Pods-flicksAppUITests/Pods-flicksAppUITests.release.xcconfig"; sourceTree = "<group>"; };
		6B73D30D9A4F24642914987C /* libPods-flicksAppTests.a */ = {isa = PBXFileReference; explicitFileType = archive.ar; includeInIndex = 0; path = "libPods-flicksAppTests.a"; sourceTree = BUILT_PRODUCTS_DIR; };
		705FE08F7038ED50DA419DFF /* Pods-flicksAppTests.debug.xcconfig */ = {isa = PBXFileReference; includeInIndex = 1; lastKnownFileType = text.xcconfig; name = "Pods-flicksAppTests.debug.xcconfig"; path = "Pods/Target Support Files/Pods-flicksAppTests/Pods-flicksAppTests.debug.xcconfig"; sourceTree = "<group>"; };
		8108481067116C3A74A09516 /* Pods-flicksApp.debug.xcconfig */ = {isa = PBXFileReference; includeInIndex = 1; lastKnownFileType = text.xcconfig; name = "Pods-flicksApp.debug.xcconfig"; path = "Pods/Target Support Files/Pods-flicksApp/Pods-flicksApp.debug.xcconfig"; sourceTree = "<group>"; };
		85227B9B93FF964A994A4ABE /* Pods-flicksApp.release.xcconfig */ = {isa = PBXFileReference; includeInIndex = 1; lastKnownFileType = text.xcconfig; name = "Pods-flicksApp.release.xcconfig"; path = "Pods/Target Support Files/Pods-flicksApp/Pods-flicksApp.release.xcconfig"; sourceTree = "<group>"; };
		A447082F4E669AAB5423B388 /* libPods-flicksAppUITests.a */ = {isa = PBXFileReference; explicitFileType = archive.ar; includeInIndex = 0; path = "libPods-flicksAppUITests.a"; sourceTree = BUILT_PRODUCTS_DIR; };
		E263AE555E768360A05D528F /* Pods-flicksAppTests.release.xcconfig */ = {isa = PBXFileReference; includeInIndex = 1; lastKnownFileType = text.xcconfig; name = "Pods-flicksAppTests.release.xcconfig"; path = "Pods/Target Support Files/Pods-flicksAppTests/Pods-flicksAppTests.release.xcconfig"; sourceTree = "<group>"; };
/* End PBXFileReference section */

/* Begin PBXFrameworksBuildPhase section */
		09574E0D1D8748F2007FE7AB /* Frameworks */ = {
			isa = PBXFrameworksBuildPhase;
			buildActionMask = 2147483647;
			files = (
				8E8D71DF26156DCE41F4B104 /* libPods-flicksApp.a in Frameworks */,
			);
			runOnlyForDeploymentPostprocessing = 0;
		};
		09574E261D8748F2007FE7AB /* Frameworks */ = {
			isa = PBXFrameworksBuildPhase;
			buildActionMask = 2147483647;
			files = (
				74D44924621267611D771070 /* libPods-flicksAppTests.a in Frameworks */,
			);
			runOnlyForDeploymentPostprocessing = 0;
		};
		09574E311D8748F2007FE7AB /* Frameworks */ = {
			isa = PBXFrameworksBuildPhase;
			buildActionMask = 2147483647;
			files = (
				E3EE6D9E0299196200335A02 /* libPods-flicksAppUITests.a in Frameworks */,
			);
			runOnlyForDeploymentPostprocessing = 0;
		};
/* End PBXFrameworksBuildPhase section */

/* Begin PBXGroup section */
		09574E071D8748F2007FE7AB = {
			isa = PBXGroup;
			children = (
				09574E121D8748F2007FE7AB /* flicksApp */,
				09574E2C1D8748F2007FE7AB /* flicksAppTests */,
				09574E371D8748F2007FE7AB /* flicksAppUITests */,
				09574E111D8748F2007FE7AB /* Products */,
				A2E55B4AFE22301B0404F5B6 /* Pods */,
				9CC1D23CE2927C4423980442 /* Frameworks */,
			);
			sourceTree = "<group>";
		};
		09574E111D8748F2007FE7AB /* Products */ = {
			isa = PBXGroup;
			children = (
				09574E101D8748F2007FE7AB /* flicksApp.app */,
				09574E291D8748F2007FE7AB /* flicksAppTests.xctest */,
				09574E341D8748F2007FE7AB /* flicksAppUITests.xctest */,
			);
			name = Products;
			sourceTree = "<group>";
		};
		09574E121D8748F2007FE7AB /* flicksApp */ = {
			isa = PBXGroup;
			children = (
				09574E4A1D8761A5007FE7AB /* View Controllers */,
				09574E461D87567B007FE7AB /* Views */,
				09574E161D8748F2007FE7AB /* AppDelegate.h */,
				09574E171D8748F2007FE7AB /* AppDelegate.m */,
				09574E1C1D8748F2007FE7AB /* Main.storyboard */,
				09574E1F1D8748F2007FE7AB /* Assets.xcassets */,
				09574E211D8748F2007FE7AB /* LaunchScreen.storyboard */,
				09574E241D8748F2007FE7AB /* Info.plist */,
				09574E131D8748F2007FE7AB /* Supporting Files */,
			);
			path = flicksApp;
			sourceTree = "<group>";
		};
		09574E131D8748F2007FE7AB /* Supporting Files */ = {
			isa = PBXGroup;
			children = (
				091DAEC71D894E350036279F /* iconmonstr-arrow-25-24.png */,
				091DAEC01D88BF010036279F /* iconmonstr-view-6-16.png */,
				091DAEC11D88BF010036279F /* iconmonstr-menu-2-16.png */,
				091DAEBC1D88B6F90036279F /* iconmonstr-time-6-16.png */,
				091DAEBD1D88B6F90036279F /* iconmonstr-crown-5-16.png */,
				091DAEB01D88AE200036279F /* iconmonstr-video-9-24.png */,
				091DAEB11D88AE200036279F /* iconmonstr-star-2-24.png */,
				09574E141D8748F2007FE7AB /* main.m */,
			);
			name = "Supporting Files";
			sourceTree = "<group>";
		};
		09574E2C1D8748F2007FE7AB /* flicksAppTests */ = {
			isa = PBXGroup;
			children = (
				09574E2D1D8748F2007FE7AB /* flicksAppTests.m */,
				09574E2F1D8748F2007FE7AB /* Info.plist */,
			);
			path = flicksAppTests;
			sourceTree = "<group>";
		};
		09574E371D8748F2007FE7AB /* flicksAppUITests */ = {
			isa = PBXGroup;
			children = (
				09574E381D8748F2007FE7AB /* flicksAppUITests.m */,
				09574E3A1D8748F2007FE7AB /* Info.plist */,
			);
			path = flicksAppUITests;
			sourceTree = "<group>";
		};
		09574E461D87567B007FE7AB /* Views */ = {
			isa = PBXGroup;
			children = (
				09574E471D875698007FE7AB /* MovieCell.h */,
				09574E481D875698007FE7AB /* MovieCell.m */,
				091DAEC41D88C70B0036279F /* MovieCollectionViewCell.h */,
				091DAEC51D88C70B0036279F /* MovieCollectionViewCell.m */,
			);
			name = Views;
			sourceTree = "<group>";
		};
		09574E4A1D8761A5007FE7AB /* View Controllers */ = {
			isa = PBXGroup;
			children = (
				09574E4E1D8776D6007FE7AB /* TrailerViewController.h */,
				09574E4F1D8776D6007FE7AB /* TrailerViewController.m */,
				09574E4B1D8761EB007FE7AB /* MovieDetailViewController.h */,
				09574E4C1D8761EB007FE7AB /* MovieDetailViewController.m */,
				09574E191D8748F2007FE7AB /* ViewController.h */,
				09574E1A1D8748F2007FE7AB /* ViewController.m */,
			);
			name = "View Controllers";
			sourceTree = "<group>";
		};
		9CC1D23CE2927C4423980442 /* Frameworks */ = {
			isa = PBXGroup;
			children = (
				19C6AB494C3A9D20965B6614 /* libPods-flicksApp.a */,
				6B73D30D9A4F24642914987C /* libPods-flicksAppTests.a */,
				A447082F4E669AAB5423B388 /* libPods-flicksAppUITests.a */,
			);
			name = Frameworks;
			sourceTree = "<group>";
		};
		A2E55B4AFE22301B0404F5B6 /* Pods */ = {
			isa = PBXGroup;
			children = (
				8108481067116C3A74A09516 /* Pods-flicksApp.debug.xcconfig */,
				85227B9B93FF964A994A4ABE /* Pods-flicksApp.release.xcconfig */,
				705FE08F7038ED50DA419DFF /* Pods-flicksAppTests.debug.xcconfig */,
				E263AE555E768360A05D528F /* Pods-flicksAppTests.release.xcconfig */,
				06BB890FC91130C8C1EE2A7D /* Pods-flicksAppUITests.debug.xcconfig */,
				412162158046CFBE9839A057 /* Pods-flicksAppUITests.release.xcconfig */,
			);
			name = Pods;
			sourceTree = "<group>";
		};
/* End PBXGroup section */

/* Begin PBXNativeTarget section */
		09574E0F1D8748F2007FE7AB /* flicksApp */ = {
			isa = PBXNativeTarget;
			buildConfigurationList = 09574E3D1D8748F2007FE7AB /* Build configuration list for PBXNativeTarget "flicksApp" */;
			buildPhases = (
				46B4E197A11946F1DC6B6A31 /* [CP] Check Pods Manifest.lock */,
				09574E0C1D8748F2007FE7AB /* Sources */,
				09574E0D1D8748F2007FE7AB /* Frameworks */,
				09574E0E1D8748F2007FE7AB /* Resources */,
				3D23B7E3E218527584A3598D /* [CP] Embed Pods Frameworks */,
				D5C19BB509B1E5F4A4BDCBEC /* [CP] Copy Pods Resources */,
			);
			buildRules = (
			);
			dependencies = (
			);
			name = flicksApp;
			productName = flicksApp;
			productReference = 09574E101D8748F2007FE7AB /* flicksApp.app */;
			productType = "com.apple.product-type.application";
		};
		09574E281D8748F2007FE7AB /* flicksAppTests */ = {
			isa = PBXNativeTarget;
			buildConfigurationList = 09574E401D8748F2007FE7AB /* Build configuration list for PBXNativeTarget "flicksAppTests" */;
			buildPhases = (
				A5C36EAAA57B8F77A252E301 /* [CP] Check Pods Manifest.lock */,
				09574E251D8748F2007FE7AB /* Sources */,
				09574E261D8748F2007FE7AB /* Frameworks */,
				09574E271D8748F2007FE7AB /* Resources */,
				DBA0DCBD0D590EC6055D8878 /* [CP] Embed Pods Frameworks */,
				2B4834C127BF851F439976F4 /* [CP] Copy Pods Resources */,
			);
			buildRules = (
			);
			dependencies = (
				09574E2B1D8748F2007FE7AB /* PBXTargetDependency */,
			);
			name = flicksAppTests;
			productName = flicksAppTests;
			productReference = 09574E291D8748F2007FE7AB /* flicksAppTests.xctest */;
			productType = "com.apple.product-type.bundle.unit-test";
		};
		09574E331D8748F2007FE7AB /* flicksAppUITests */ = {
			isa = PBXNativeTarget;
			buildConfigurationList = 09574E431D8748F2007FE7AB /* Build configuration list for PBXNativeTarget "flicksAppUITests" */;
			buildPhases = (
				94ED7DD618AFB945B0CC897B /* [CP] Check Pods Manifest.lock */,
				09574E301D8748F2007FE7AB /* Sources */,
				09574E311D8748F2007FE7AB /* Frameworks */,
				09574E321D8748F2007FE7AB /* Resources */,
				9A3E8272E3E6D62EACBAE6FA /* [CP] Copy Pods Resources */,
			);
			buildRules = (
			);
			dependencies = (
				09574E361D8748F2007FE7AB /* PBXTargetDependency */,
			);
			name = flicksAppUITests;
			productName = flicksAppUITests;
			productReference = 09574E341D8748F2007FE7AB /* flicksAppUITests.xctest */;
			productType = "com.apple.product-type.bundle.ui-testing";
		};
/* End PBXNativeTarget section */

/* Begin PBXProject section */
		09574E081D8748F2007FE7AB /* Project object */ = {
			isa = PBXProject;
			attributes = {
				LastUpgradeCheck = 0720;
				ORGANIZATIONNAME = "Sky Chen";
				TargetAttributes = {
					09574E0F1D8748F2007FE7AB = {
						CreatedOnToolsVersion = 7.2;
					};
					09574E281D8748F2007FE7AB = {
						CreatedOnToolsVersion = 7.2;
						TestTargetID = 09574E0F1D8748F2007FE7AB;
					};
					09574E331D8748F2007FE7AB = {
						CreatedOnToolsVersion = 7.2;
						TestTargetID = 09574E0F1D8748F2007FE7AB;
					};
				};
			};
			buildConfigurationList = 09574E0B1D8748F2007FE7AB /* Build configuration list for PBXProject "flicksApp" */;
			compatibilityVersion = "Xcode 3.2";
			developmentRegion = English;
			hasScannedForEncodings = 0;
			knownRegions = (
				en,
				Base,
			);
			mainGroup = 09574E071D8748F2007FE7AB;
			productRefGroup = 09574E111D8748F2007FE7AB /* Products */;
			projectDirPath = "";
			projectRoot = "";
			targets = (
				09574E0F1D8748F2007FE7AB /* flicksApp */,
				09574E281D8748F2007FE7AB /* flicksAppTests */,
				09574E331D8748F2007FE7AB /* flicksAppUITests */,
			);
		};
/* End PBXProject section */

/* Begin PBXResourcesBuildPhase section */
		09574E0E1D8748F2007FE7AB /* Resources */ = {
			isa = PBXResourcesBuildPhase;
			buildActionMask = 2147483647;
			files = (
				091DAEBF1D88B6F90036279F /* iconmonstr-crown-5-16.png in Resources */,
				09574E231D8748F2007FE7AB /* LaunchScreen.storyboard in Resources */,
				091DAEB21D88AE200036279F /* iconmonstr-video-9-24.png in Resources */,
				091DAEBE1D88B6F90036279F /* iconmonstr-time-6-16.png in Resources */,
				091DAEC81D894E350036279F /* iconmonstr-arrow-25-24.png in Resources */,
				09574E201D8748F2007FE7AB /* Assets.xcassets in Resources */,
				091DAEC31D88BF010036279F /* iconmonstr-menu-2-16.png in Resources */,
				09574E1E1D8748F2007FE7AB /* Main.storyboard in Resources */,
				091DAEC21D88BF010036279F /* iconmonstr-view-6-16.png in Resources */,
				091DAEB31D88AE200036279F /* iconmonstr-star-2-24.png in Resources */,
			);
			runOnlyForDeploymentPostprocessing = 0;
		};
		09574E271D8748F2007FE7AB /* Resources */ = {
			isa = PBXResourcesBuildPhase;
			buildActionMask = 2147483647;
			files = (
			);
			runOnlyForDeploymentPostprocessing = 0;
		};
		09574E321D8748F2007FE7AB /* Resources */ = {
			isa = PBXResourcesBuildPhase;
			buildActionMask = 2147483647;
			files = (
			);
			runOnlyForDeploymentPostprocessing = 0;
		};
/* End PBXResourcesBuildPhase section */

/* Begin PBXShellScriptBuildPhase section */
		2B4834C127BF851F439976F4 /* [CP] Copy Pods Resources */ = {
			isa = PBXShellScriptBuildPhase;
			buildActionMask = 2147483647;
			files = (
			);
			inputPaths = (
			);
			name = "[CP] Copy Pods Resources";
			outputPaths = (
			);
			runOnlyForDeploymentPostprocessing = 0;
			shellPath = /bin/sh;
			shellScript = "\"${SRCROOT}/Pods/Target Support Files/Pods-flicksAppTests/Pods-flicksAppTests-resources.sh\"\n";
			showEnvVarsInLog = 0;
		};
		3D23B7E3E218527584A3598D /* [CP] Embed Pods Frameworks */ = {
			isa = PBXShellScriptBuildPhase;
			buildActionMask = 2147483647;
			files = (
			);
			inputPaths = (
			);
			name = "[CP] Embed Pods Frameworks";
			outputPaths = (
			);
			runOnlyForDeploymentPostprocessing = 0;
			shellPath = /bin/sh;
			shellScript = "\"${SRCROOT}/Pods/Target Support Files/Pods-flicksApp/Pods-flicksApp-frameworks.sh\"\n";
			showEnvVarsInLog = 0;
		};
		46B4E197A11946F1DC6B6A31 /* [CP] Check Pods Manifest.lock */ = {
			isa = PBXShellScriptBuildPhase;
			buildActionMask = 2147483647;
			files = (
			);
			inputPaths = (
			);
			name = "[CP] Check Pods Manifest.lock";
			outputPaths = (
			);
			runOnlyForDeploymentPostprocessing = 0;
			shellPath = /bin/sh;
			shellScript = "diff \"${PODS_ROOT}/../Podfile.lock\" \"${PODS_ROOT}/Manifest.lock\" > /dev/null\nif [[ $? != 0 ]] ; then\n    cat << EOM\nerror: The sandbox is not in sync with the Podfile.lock. Run 'pod install' or update your CocoaPods installation.\nEOM\n    exit 1\nfi\n";
			showEnvVarsInLog = 0;
		};
		94ED7DD618AFB945B0CC897B /* [CP] Check Pods Manifest.lock */ = {
			isa = PBXShellScriptBuildPhase;
			buildActionMask = 2147483647;
			files = (
			);
			inputPaths = (
			);
			name = "[CP] Check Pods Manifest.lock";
			outputPaths = (
			);
			runOnlyForDeploymentPostprocessing = 0;
			shellPath = /bin/sh;
			shellScript = "diff \"${PODS_ROOT}/../Podfile.lock\" \"${PODS_ROOT}/Manifest.lock\" > /dev/null\nif [[ $? != 0 ]] ; then\n    cat << EOM\nerror: The sandbox is not in sync with the Podfile.lock. Run 'pod install' or update your CocoaPods installation.\nEOM\n    exit 1\nfi\n";
			showEnvVarsInLog = 0;
		};
		9A3E8272E3E6D62EACBAE6FA /* [CP] Copy Pods Resources */ = {
			isa = PBXShellScriptBuildPhase;
			buildActionMask = 2147483647;
			files = (
			);
			inputPaths = (
			);
			name = "[CP] Copy Pods Resources";
			outputPaths = (
			);
			runOnlyForDeploymentPostprocessing = 0;
			shellPath = /bin/sh;
			shellScript = "\"${SRCROOT}/Pods/Target Support Files/Pods-flicksAppUITests/Pods-flicksAppUITests-resources.sh\"\n";
			showEnvVarsInLog = 0;
		};
		A5C36EAAA57B8F77A252E301 /* [CP] Check Pods Manifest.lock */ = {
			isa = PBXShellScriptBuildPhase;
			buildActionMask = 2147483647;
			files = (
			);
			inputPaths = (
			);
			name = "[CP] Check Pods Manifest.lock";
			outputPaths = (
			);
			runOnlyForDeploymentPostprocessing = 0;
			shellPath = /bin/sh;
			shellScript = "diff \"${PODS_ROOT}/../Podfile.lock\" \"${PODS_ROOT}/Manifest.lock\" > /dev/null\nif [[ $? != 0 ]] ; then\n    cat << EOM\nerror: The sandbox is not in sync with the Podfile.lock. Run 'pod install' or update your CocoaPods installation.\nEOM\n    exit 1\nfi\n";
			showEnvVarsInLog = 0;
		};
		D5C19BB509B1E5F4A4BDCBEC /* [CP] Copy Pods Resources */ = {
			isa = PBXShellScriptBuildPhase;
			buildActionMask = 2147483647;
			files = (
			);
			inputPaths = (
			);
			name = "[CP] Copy Pods Resources";
			outputPaths = (
			);
			runOnlyForDeploymentPostprocessing = 0;
			shellPath = /bin/sh;
			shellScript = "\"${SRCROOT}/Pods/Target Support Files/Pods-flicksApp/Pods-flicksApp-resources.sh\"\n";
			showEnvVarsInLog = 0;
		};
		DBA0DCBD0D590EC6055D8878 /* [CP] Embed Pods Frameworks */ = {
			isa = PBXShellScriptBuildPhase;
			buildActionMask = 2147483647;
			files = (
			);
			inputPaths = (
			);
			name = "[CP] Embed Pods Frameworks";
			outputPaths = (
			);
			runOnlyForDeploymentPostprocessing = 0;
			shellPath = /bin/sh;
			shellScript = "\"${SRCROOT}/Pods/Target Support Files/Pods-flicksAppTests/Pods-flicksAppTests-frameworks.sh\"\n";
			showEnvVarsInLog = 0;
		};
/* End PBXShellScriptBuildPhase section */

/* Begin PBXSourcesBuildPhase section */
		09574E0C1D8748F2007FE7AB /* Sources */ = {
			isa = PBXSourcesBuildPhase;
			buildActionMask = 2147483647;
			files = (
				09574E1B1D8748F2007FE7AB /* ViewController.m in Sources */,
				09574E181D8748F2007FE7AB /* AppDelegate.m in Sources */,
				09574E4D1D8761EB007FE7AB /* MovieDetailViewController.m in Sources */,
				09574E491D875698007FE7AB /* MovieCell.m in Sources */,
				09574E501D8776D6007FE7AB /* TrailerViewController.m in Sources */,
				09574E151D8748F2007FE7AB /* main.m in Sources */,
				091DAEC61D88C70C0036279F /* MovieCollectionViewCell.m in Sources */,
			);
			runOnlyForDeploymentPostprocessing = 0;
		};
		09574E251D8748F2007FE7AB /* Sources */ = {
			isa = PBXSourcesBuildPhase;
			buildActionMask = 2147483647;
			files = (
				09574E2E1D8748F2007FE7AB /* flicksAppTests.m in Sources */,
			);
			runOnlyForDeploymentPostprocessing = 0;
		};
		09574E301D8748F2007FE7AB /* Sources */ = {
			isa = PBXSourcesBuildPhase;
			buildActionMask = 2147483647;
			files = (
				09574E391D8748F2007FE7AB /* flicksAppUITests.m in Sources */,
			);
			runOnlyForDeploymentPostprocessing = 0;
		};
/* End PBXSourcesBuildPhase section */

/* Begin PBXTargetDependency section */
		09574E2B1D8748F2007FE7AB /* PBXTargetDependency */ = {
			isa = PBXTargetDependency;
			target = 09574E0F1D8748F2007FE7AB /* flicksApp */;
			targetProxy = 09574E2A1D8748F2007FE7AB /* PBXContainerItemProxy */;
		};
		09574E361D8748F2007FE7AB /* PBXTargetDependency */ = {
			isa = PBXTargetDependency;
			target = 09574E0F1D8748F2007FE7AB /* flicksApp */;
			targetProxy = 09574E351D8748F2007FE7AB /* PBXContainerItemProxy */;
		};
/* End PBXTargetDependency section */

/* Begin PBXVariantGroup section */
		09574E1C1D8748F2007FE7AB /* Main.storyboard */ = {
			isa = PBXVariantGroup;
			children = (
				09574E1D1D8748F2007FE7AB /* Base */,
			);
			name = Main.storyboard;
			sourceTree = "<group>";
		};
		09574E211D8748F2007FE7AB /* LaunchScreen.storyboard */ = {
			isa = PBXVariantGroup;
			children = (
				09574E221D8748F2007FE7AB /* Base */,
			);
			name = LaunchScreen.storyboard;
			sourceTree = "<group>";
		};
/* End PBXVariantGroup section */

/* Begin XCBuildConfiguration section */
		09574E3B1D8748F2007FE7AB /* Debug */ = {
			isa = XCBuildConfiguration;
			buildSettings = {
				ALWAYS_SEARCH_USER_PATHS = NO;
				CLANG_CXX_LANGUAGE_STANDARD = "gnu++0x";
				CLANG_CXX_LIBRARY = "libc++";
				CLANG_ENABLE_MODULES = YES;
				CLANG_ENABLE_OBJC_ARC = YES;
				CLANG_WARN_BOOL_CONVERSION = YES;
				CLANG_WARN_CONSTANT_CONVERSION = YES;
				CLANG_WARN_DIRECT_OBJC_ISA_USAGE = YES_ERROR;
				CLANG_WARN_EMPTY_BODY = YES;
				CLANG_WARN_ENUM_CONVERSION = YES;
				CLANG_WARN_INT_CONVERSION = YES;
				CLANG_WARN_OBJC_ROOT_CLASS = YES_ERROR;
				CLANG_WARN_UNREACHABLE_CODE = YES;
				CLANG_WARN__DUPLICATE_METHOD_MATCH = YES;
				"CODE_SIGN_IDENTITY[sdk=iphoneos*]" = "iPhone Developer";
				COPY_PHASE_STRIP = NO;
				DEBUG_INFORMATION_FORMAT = dwarf;
				ENABLE_STRICT_OBJC_MSGSEND = YES;
				ENABLE_TESTABILITY = YES;
				GCC_C_LANGUAGE_STANDARD = gnu99;
				GCC_DYNAMIC_NO_PIC = NO;
				GCC_NO_COMMON_BLOCKS = YES;
				GCC_OPTIMIZATION_LEVEL = 0;
				GCC_PREPROCESSOR_DEFINITIONS = (
					"DEBUG=1",
					"$(inherited)",
				);
				GCC_WARN_64_TO_32_BIT_CONVERSION = YES;
				GCC_WARN_ABOUT_RETURN_TYPE = YES_ERROR;
				GCC_WARN_UNDECLARED_SELECTOR = YES;
				GCC_WARN_UNINITIALIZED_AUTOS = YES_AGGRESSIVE;
				GCC_WARN_UNUSED_FUNCTION = YES;
				GCC_WARN_UNUSED_VARIABLE = YES;
				IPHONEOS_DEPLOYMENT_TARGET = 9.2;
				MTL_ENABLE_DEBUG_INFO = YES;
				ONLY_ACTIVE_ARCH = YES;
				SDKROOT = iphoneos;
				TARGETED_DEVICE_FAMILY = "1,2";
			};
			name = Debug;
		};
		09574E3C1D8748F2007FE7AB /* Release */ = {
			isa = XCBuildConfiguration;
			buildSettings = {
				ALWAYS_SEARCH_USER_PATHS = NO;
				CLANG_CXX_LANGUAGE_STANDARD = "gnu++0x";
				CLANG_CXX_LIBRARY = "libc++";
				CLANG_ENABLE_MODULES = YES;
				CLANG_ENABLE_OBJC_ARC = YES;
				CLANG_WARN_BOOL_CONVERSION = YES;
				CLANG_WARN_CONSTANT_CONVERSION = YES;
				CLANG_WARN_DIRECT_OBJC_ISA_USAGE = YES_ERROR;
				CLANG_WARN_EMPTY_BODY = YES;
				CLANG_WARN_ENUM_CONVERSION = YES;
				CLANG_WARN_INT_CONVERSION = YES;
				CLANG_WARN_OBJC_ROOT_CLASS = YES_ERROR;
				CLANG_WARN_UNREACHABLE_CODE = YES;
				CLANG_WARN__DUPLICATE_METHOD_MATCH = YES;
				"CODE_SIGN_IDENTITY[sdk=iphoneos*]" = "iPhone Developer";
				COPY_PHASE_STRIP = NO;
				DEBUG_INFORMATION_FORMAT = "dwarf-with-dsym";
				ENABLE_NS_ASSERTIONS = NO;
				ENABLE_STRICT_OBJC_MSGSEND = YES;
				GCC_C_LANGUAGE_STANDARD = gnu99;
				GCC_NO_COMMON_BLOCKS = YES;
				GCC_WARN_64_TO_32_BIT_CONVERSION = YES;
				GCC_WARN_ABOUT_RETURN_TYPE = YES_ERROR;
				GCC_WARN_UNDECLARED_SELECTOR = YES;
				GCC_WARN_UNINITIALIZED_AUTOS = YES_AGGRESSIVE;
				GCC_WARN_UNUSED_FUNCTION = YES;
				GCC_WARN_UNUSED_VARIABLE = YES;
				IPHONEOS_DEPLOYMENT_TARGET = 9.2;
				MTL_ENABLE_DEBUG_INFO = NO;
				SDKROOT = iphoneos;
				TARGETED_DEVICE_FAMILY = "1,2";
				VALIDATE_PRODUCT = YES;
			};
			name = Release;
		};
		09574E3E1D8748F2007FE7AB /* Debug */ = {
			isa = XCBuildConfiguration;
			baseConfigurationReference = 8108481067116C3A74A09516 /* Pods-flicksApp.debug.xcconfig */;
			buildSettings = {
				ASSETCATALOG_COMPILER_APPICON_NAME = AppIcon;
				INFOPLIST_FILE = flicksApp/Info.plist;
				LD_RUNPATH_SEARCH_PATHS = "$(inherited) @executable_path/Frameworks";
				PRODUCT_BUNDLE_IDENTIFIER = com.skychen.flicksApp;
				PRODUCT_NAME = "$(TARGET_NAME)";
			};
			name = Debug;
		};
		09574E3F1D8748F2007FE7AB /* Release */ = {
			isa = XCBuildConfiguration;
			baseConfigurationReference = 85227B9B93FF964A994A4ABE /* Pods-flicksApp.release.xcconfig */;
			buildSettings = {
				ASSETCATALOG_COMPILER_APPICON_NAME = AppIcon;
				INFOPLIST_FILE = flicksApp/Info.plist;
				LD_RUNPATH_SEARCH_PATHS = "$(inherited) @executable_path/Frameworks";
				PRODUCT_BUNDLE_IDENTIFIER = com.skychen.flicksApp;
				PRODUCT_NAME = "$(TARGET_NAME)";
			};
			name = Release;
		};
		09574E411D8748F2007FE7AB /* Debug */ = {
			isa = XCBuildConfiguration;
			baseConfigurationReference = 705FE08F7038ED50DA419DFF /* Pods-flicksAppTests.debug.xcconfig */;
			buildSettings = {
				BUNDLE_LOADER = "$(TEST_HOST)";
				INFOPLIST_FILE = flicksAppTests/Info.plist;
				LD_RUNPATH_SEARCH_PATHS = "$(inherited) @executable_path/Frameworks @loader_path/Frameworks";
				PRODUCT_BUNDLE_IDENTIFIER = com.skychen.flicksAppTests;
				PRODUCT_NAME = "$(TARGET_NAME)";
				TEST_HOST = "$(BUILT_PRODUCTS_DIR)/flicksApp.app/flicksApp";
			};
			name = Debug;
		};
		09574E421D8748F2007FE7AB /* Release */ = {
			isa = XCBuildConfiguration;
			baseConfigurationReference = E263AE555E768360A05D528F /* Pods-flicksAppTests.release.xcconfig */;
			buildSettings = {
				BUNDLE_LOADER = "$(TEST_HOST)";
				INFOPLIST_FILE = flicksAppTests/Info.plist;
				LD_RUNPATH_SEARCH_PATHS = "$(inherited) @executable_path/Frameworks @loader_path/Frameworks";
				PRODUCT_BUNDLE_IDENTIFIER = com.skychen.flicksAppTests;
				PRODUCT_NAME = "$(TARGET_NAME)";
				TEST_HOST = "$(BUILT_PRODUCTS_DIR)/flicksApp.app/flicksApp";
			};
			name = Release;
		};
		09574E441D8748F2007FE7AB /* Debug */ = {
			isa = XCBuildConfiguration;
			baseConfigurationReference = 06BB890FC91130C8C1EE2A7D /* Pods-flicksAppUITests.debug.xcconfig */;
			buildSettings = {
				INFOPLIST_FILE = flicksAppUITests/Info.plist;
				LD_RUNPATH_SEARCH_PATHS = "$(inherited) @executable_path/Frameworks @loader_path/Frameworks";
				PRODUCT_BUNDLE_IDENTIFIER = com.skychen.flicksAppUITests;
				PRODUCT_NAME = "$(TARGET_NAME)";
				TEST_TARGET_NAME = flicksApp;
				USES_XCTRUNNER = YES;
			};
			name = Debug;
		};
		09574E451D8748F2007FE7AB /* Release */ = {
			isa = XCBuildConfiguration;
			baseConfigurationReference = 412162158046CFBE9839A057 /* Pods-flicksAppUITests.release.xcconfig */;
			buildSettings = {
				INFOPLIST_FILE = flicksAppUITests/Info.plist;
				LD_RUNPATH_SEARCH_PATHS = "$(inherited) @executable_path/Frameworks @loader_path/Frameworks";
				PRODUCT_BUNDLE_IDENTIFIER = com.skychen.flicksAppUITests;
				PRODUCT_NAME = "$(TARGET_NAME)";
				TEST_TARGET_NAME = flicksApp;
				USES_XCTRUNNER = YES;
			};
			name = Release;
		};
/* End XCBuildConfiguration section */

/* Begin XCConfigurationList section */
		09574E0B1D8748F2007FE7AB /* Build configuration list for PBXProject "flicksApp" */ = {
			isa = XCConfigurationList;
			buildConfigurations = (
				09574E3B1D8748F2007FE7AB /* Debug */,
				09574E3C1D8748F2007FE7AB /* Release */,
			);
			defaultConfigurationIsVisible = 0;
			defaultConfigurationName = Release;
		};
		09574E3D1D8748F2007FE7AB /* Build configuration list for PBXNativeTarget "flicksApp" */ = {
			isa = XCConfigurationList;
			buildConfigurations = (
				09574E3E1D8748F2007FE7AB /* Debug */,
				09574E3F1D8748F2007FE7AB /* Release */,
			);
			defaultConfigurationIsVisible = 0;
			defaultConfigurationName = Release;
		};
		09574E401D8748F2007FE7AB /* Build configuration list for PBXNativeTarget "flicksAppTests" */ = {
			isa = XCConfigurationList;
			buildConfigurations = (
				09574E411D8748F2007FE7AB /* Debug */,
				09574E421D8748F2007FE7AB /* Release */,
			);
			defaultConfigurationIsVisible = 0;
			defaultConfigurationName = Release;
		};
		09574E431D8748F2007FE7AB /* Build configuration list for PBXNativeTarget "flicksAppUITests" */ = {
			isa = XCConfigurationList;
			buildConfigurations = (
				09574E441D8748F2007FE7AB /* Debug */,
				09574E451D8748F2007FE7AB /* Release */,
			);
			defaultConfigurationIsVisible = 0;
			defaultConfigurationName = Release;
		};
/* End XCConfigurationList section */
	};
	rootObject = 09574E081D8748F2007FE7AB /* Project object */;
}
